// !$*UTF8*$!
{
	archiveVersion = 1;
	classes = {
	};
	objectVersion = 50;
	objects = {

/* Begin PBXBuildFile section */
		416CF92826EA7809005285FA /* FruitzApp.swift in Sources */ = {isa = PBXBuildFile; fileRef = 416CF92726EA7809005285FA /* FruitzApp.swift */; };
		416CF92A26EA7809005285FA /* ContentView.swift in Sources */ = {isa = PBXBuildFile; fileRef = 416CF92926EA7809005285FA /* ContentView.swift */; };
		416CF92C26EA7809005285FA /* Assets.xcassets in Resources */ = {isa = PBXBuildFile; fileRef = 416CF92B26EA7809005285FA /* Assets.xcassets */; };
		416CF92F26EA7809005285FA /* Preview Assets.xcassets in Resources */ = {isa = PBXBuildFile; fileRef = 416CF92E26EA7809005285FA /* Preview Assets.xcassets */; };
		416CF93926EA8A9D005285FA /* FruitCardView.swift in Sources */ = {isa = PBXBuildFile; fileRef = 416CF93826EA8A9D005285FA /* FruitCardView.swift */; };
		416CF93B26EAA068005285FA /* StartButtonView.swift in Sources */ = {isa = PBXBuildFile; fileRef = 416CF93A26EAA068005285FA /* StartButtonView.swift */; };
		416CF93D26EAAD59005285FA /* OnboardingView.swift in Sources */ = {isa = PBXBuildFile; fileRef = 416CF93C26EAAD59005285FA /* OnboardingView.swift */; };
		416CF94026EABB42005285FA /* FruitModel.swift in Sources */ = {isa = PBXBuildFile; fileRef = 416CF93F26EABB42005285FA /* FruitModel.swift */; };
		416CF94326EABF1B005285FA /* FruitData.swift in Sources */ = {isa = PBXBuildFile; fileRef = 416CF94226EABF1B005285FA /* FruitData.swift */; };
/* End PBXBuildFile section */

/* Begin PBXFileReference section */
		416CF92426EA7809005285FA /* Fruitz.app */ = {isa = PBXFileReference; explicitFileType = wrapper.application; includeInIndex = 0; path = Fruitz.app; sourceTree = BUILT_PRODUCTS_DIR; };
		416CF92726EA7809005285FA /* FruitzApp.swift */ = {isa = PBXFileReference; lastKnownFileType = sourcecode.swift; path = FruitzApp.swift; sourceTree = "<group>"; };
		416CF92926EA7809005285FA /* ContentView.swift */ = {isa = PBXFileReference; lastKnownFileType = sourcecode.swift; path = ContentView.swift; sourceTree = "<group>"; };
		416CF92B26EA7809005285FA /* Assets.xcassets */ = {isa = PBXFileReference; lastKnownFileType = folder.assetcatalog; path = Assets.xcassets; sourceTree = "<group>"; };
		416CF92E26EA7809005285FA /* Preview Assets.xcassets */ = {isa = PBXFileReference; lastKnownFileType = folder.assetcatalog; path = "Preview Assets.xcassets"; sourceTree = "<group>"; };
		416CF93026EA7809005285FA /* Info.plist */ = {isa = PBXFileReference; lastKnownFileType = text.plist.xml; path = Info.plist; sourceTree = "<group>"; };
		416CF93826EA8A9D005285FA /* FruitCardView.swift */ = {isa = PBXFileReference; lastKnownFileType = sourcecode.swift; path = FruitCardView.swift; sourceTree = "<group>"; };
		416CF93A26EAA068005285FA /* StartButtonView.swift */ = {isa = PBXFileReference; lastKnownFileType = sourcecode.swift; path = StartButtonView.swift; sourceTree = "<group>"; };
		416CF93C26EAAD59005285FA /* OnboardingView.swift */ = {isa = PBXFileReference; lastKnownFileType = sourcecode.swift; path = OnboardingView.swift; sourceTree = "<group>"; };
		416CF93F26EABB42005285FA /* FruitModel.swift */ = {isa = PBXFileReference; lastKnownFileType = sourcecode.swift; path = FruitModel.swift; sourceTree = "<group>"; };
		416CF94226EABF1B005285FA /* FruitData.swift */ = {isa = PBXFileReference; lastKnownFileType = sourcecode.swift; path = FruitData.swift; sourceTree = "<group>"; };
/* End PBXFileReference section */

/* Begin PBXFrameworksBuildPhase section */
		416CF92126EA7809005285FA /* Frameworks */ = {
			isa = PBXFrameworksBuildPhase;
			buildActionMask = 2147483647;
			files = (
			);
			runOnlyForDeploymentPostprocessing = 0;
		};
/* End PBXFrameworksBuildPhase section */

/* Begin PBXGroup section */
		416CF91B26EA7809005285FA = {
			isa = PBXGroup;
			children = (
				416CF92626EA7809005285FA /* Fruitz */,
				416CF92526EA7809005285FA /* Products */,
			);
			sourceTree = "<group>";
		};
		416CF92526EA7809005285FA /* Products */ = {
			isa = PBXGroup;
			children = (
				416CF92426EA7809005285FA /* Fruitz.app */,
			);
			name = Products;
			sourceTree = "<group>";
		};
		416CF92626EA7809005285FA /* Fruitz */ = {
			isa = PBXGroup;
			children = (
				416CF94126EABF09005285FA /* Data */,
				416CF93E26EABB23005285FA /* Model */,
				416CF93726EA8A4F005285FA /* View */,
				416CF93626EA89F7005285FA /* App */,
				416CF92B26EA7809005285FA /* Assets.xcassets */,
				416CF93026EA7809005285FA /* Info.plist */,
				416CF92D26EA7809005285FA /* Preview Content */,
			);
			path = Fruitz;
			sourceTree = "<group>";
		};
		416CF92D26EA7809005285FA /* Preview Content */ = {
			isa = PBXGroup;
			children = (
				416CF92E26EA7809005285FA /* Preview Assets.xcassets */,
			);
			path = "Preview Content";
			sourceTree = "<group>";
		};
		416CF93626EA89F7005285FA /* App */ = {
			isa = PBXGroup;
			children = (
				416CF92726EA7809005285FA /* FruitzApp.swift */,
				416CF92926EA7809005285FA /* ContentView.swift */,
				416CF93C26EAAD59005285FA /* OnboardingView.swift */,
			);
			path = App;
			sourceTree = "<group>";
		};
		416CF93726EA8A4F005285FA /* View */ = {
			isa = PBXGroup;
			children = (
				416CF93826EA8A9D005285FA /* FruitCardView.swift */,
				416CF93A26EAA068005285FA /* StartButtonView.swift */,
			);
			path = View;
			sourceTree = "<group>";
		};
		416CF93E26EABB23005285FA /* Model */ = {
			isa = PBXGroup;
			children = (
				416CF93F26EABB42005285FA /* FruitModel.swift */,
			);
			path = Model;
			sourceTree = "<group>";
		};
		416CF94126EABF09005285FA /* Data */ = {
			isa = PBXGroup;
			children = (
				416CF94226EABF1B005285FA /* FruitData.swift */,
			);
			path = Data;
			sourceTree = "<group>";
		};
/* End PBXGroup section */

/* Begin PBXNativeTarget section */
		416CF92326EA7809005285FA /* Fruitz */ = {
			isa = PBXNativeTarget;
			buildConfigurationList = 416CF93326EA7809005285FA /* Build configuration list for PBXNativeTarget "Fruitz" */;
			buildPhases = (
				416CF92026EA7809005285FA /* Sources */,
				416CF92126EA7809005285FA /* Frameworks */,
				416CF92226EA7809005285FA /* Resources */,
			);
			buildRules = (
			);
			dependencies = (
			);
			name = Fruitz;
			productName = Fruitz;
			productReference = 416CF92426EA7809005285FA /* Fruitz.app */;
			productType = "com.apple.product-type.application";
		};
/* End PBXNativeTarget section */

/* Begin PBXProject section */
		416CF91C26EA7809005285FA /* Project object */ = {
			isa = PBXProject;
			attributes = {
				LastSwiftUpdateCheck = 1250;
				LastUpgradeCheck = 1250;
				TargetAttributes = {
					416CF92326EA7809005285FA = {
						CreatedOnToolsVersion = 12.5.1;
					};
				};
			};
			buildConfigurationList = 416CF91F26EA7809005285FA /* Build configuration list for PBXProject "Fruitz" */;
			compatibilityVersion = "Xcode 9.3";
			developmentRegion = en;
			hasScannedForEncodings = 0;
			knownRegions = (
				en,
				Base,
			);
			mainGroup = 416CF91B26EA7809005285FA;
			productRefGroup = 416CF92526EA7809005285FA /* Products */;
			projectDirPath = "";
			projectRoot = "";
			targets = (
				416CF92326EA7809005285FA /* Fruitz */,
			);
		};
/* End PBXProject section */

/* Begin PBXResourcesBuildPhase section */
		416CF92226EA7809005285FA /* Resources */ = {
			isa = PBXResourcesBuildPhase;
			buildActionMask = 2147483647;
			files = (
				416CF92F26EA7809005285FA /* Preview Assets.xcassets in Resources */,
				416CF92C26EA7809005285FA /* Assets.xcassets in Resources */,
			);
			runOnlyForDeploymentPostprocessing = 0;
		};
/* End PBXResourcesBuildPhase section */

/* Begin PBXSourcesBuildPhase section */
		416CF92026EA7809005285FA /* Sources */ = {
			isa = PBXSourcesBuildPhase;
			buildActionMask = 2147483647;
			files = (
				416CF94326EABF1B005285FA /* FruitData.swift in Sources */,
				416CF93926EA8A9D005285FA /* FruitCardView.swift in Sources */,
				416CF93B26EAA068005285FA /* StartButtonView.swift in Sources */,
				416CF92A26EA7809005285FA /* ContentView.swift in Sources */,
				416CF93D26EAAD59005285FA /* OnboardingView.swift in Sources */,
				416CF94026EABB42005285FA /* FruitModel.swift in Sources */,
				416CF92826EA7809005285FA /* FruitzApp.swift in Sources */,
			);
			runOnlyForDeploymentPostprocessing = 0;
		};
/* End PBXSourcesBuildPhase section */

/* Begin XCBuildConfiguration section */
		416CF93126EA7809005285FA /* Debug */ = {
			isa = XCBuildConfiguration;
			buildSettings = {
				ALWAYS_SEARCH_USER_PATHS = NO;
				CLANG_ANALYZER_NONNULL = YES;
				CLANG_ANALYZER_NUMBER_OBJECT_CONVERSION = YES_AGGRESSIVE;
				CLANG_CXX_LANGUAGE_STANDARD = "gnu++14";
				CLANG_CXX_LIBRARY = "libc++";
				CLANG_ENABLE_MODULES = YES;
				CLANG_ENABLE_OBJC_ARC = YES;
				CLANG_ENABLE_OBJC_WEAK = YES;
				CLANG_WARN_BLOCK_CAPTURE_AUTORELEASING = YES;
				CLANG_WARN_BOOL_CONVERSION = YES;
				CLANG_WARN_COMMA = YES;
				CLANG_WARN_CONSTANT_CONVERSION = YES;
				CLANG_WARN_DEPRECATED_OBJC_IMPLEMENTATIONS = YES;
				CLANG_WARN_DIRECT_OBJC_ISA_USAGE = YES_ERROR;
				CLANG_WARN_DOCUMENTATION_COMMENTS = YES;
				CLANG_WARN_EMPTY_BODY = YES;
				CLANG_WARN_ENUM_CONVERSION = YES;
				CLANG_WARN_INFINITE_RECURSION = YES;
				CLANG_WARN_INT_CONVERSION = YES;
				CLANG_WARN_NON_LITERAL_NULL_CONVERSION = YES;
				CLANG_WARN_OBJC_IMPLICIT_RETAIN_SELF = YES;
				CLANG_WARN_OBJC_LITERAL_CONVERSION = YES;
				CLANG_WARN_OBJC_ROOT_CLASS = YES_ERROR;
				CLANG_WARN_QUOTED_INCLUDE_IN_FRAMEWORK_HEADER = YES;
				CLANG_WARN_RANGE_LOOP_ANALYSIS = YES;
				CLANG_WARN_STRICT_PROTOTYPES = YES;
				CLANG_WARN_SUSPICIOUS_MOVE = YES;
				CLANG_WARN_UNGUARDED_AVAILABILITY = YES_AGGRESSIVE;
				CLANG_WARN_UNREACHABLE_CODE = YES;
				CLANG_WARN__DUPLICATE_METHOD_MATCH = YES;
				COPY_PHASE_STRIP = NO;
				DEBUG_INFORMATION_FORMAT = dwarf;
				ENABLE_STRICT_OBJC_MSGSEND = YES;
				ENABLE_TESTABILITY = YES;
				GCC_C_LANGUAGE_STANDARD = gnu11;
				GCC_DYNAMIC_NO_PIC = NO;
				GCC_NO_COMMON_BLOCKS = YES;
				GCC_OPTIMIZATION_LEVEL = 0;
				GCC_PREPROCESSOR_DEFINITIONS = (
					"DEBUG=1",
					"$(inherited)",
				);
				GCC_WARN_64_TO_32_BIT_CONVERSION = YES;
				GCC_WARN_ABOUT_RETURN_TYPE = YES_ERROR;
				GCC_WARN_UNDECLARED_SELECTOR = YES;
				GCC_WARN_UNINITIALIZED_AUTOS = YES_AGGRESSIVE;
				GCC_WARN_UNUSED_FUNCTION = YES;
				GCC_WARN_UNUSED_VARIABLE = YES;
				IPHONEOS_DEPLOYMENT_TARGET = 14.5;
				MTL_ENABLE_DEBUG_INFO = INCLUDE_SOURCE;
				MTL_FAST_MATH = YES;
				ONLY_ACTIVE_ARCH = YES;
				SDKROOT = iphoneos;
				SWIFT_ACTIVE_COMPILATION_CONDITIONS = DEBUG;
				SWIFT_OPTIMIZATION_LEVEL = "-Onone";
			};
			name = Debug;
		};
		416CF93226EA7809005285FA /* Release */ = {
			isa = XCBuildConfiguration;
			buildSettings = {
				ALWAYS_SEARCH_USER_PATHS = NO;
				CLANG_ANALYZER_NONNULL = YES;
				CLANG_ANALYZER_NUMBER_OBJECT_CONVERSION = YES_AGGRESSIVE;
				CLANG_CXX_LANGUAGE_STANDARD = "gnu++14";
				CLANG_CXX_LIBRARY = "libc++";
				CLANG_ENABLE_MODULES = YES;
				CLANG_ENABLE_OBJC_ARC = YES;
				CLANG_ENABLE_OBJC_WEAK = YES;
				CLANG_WARN_BLOCK_CAPTURE_AUTORELEASING = YES;
				CLANG_WARN_BOOL_CONVERSION = YES;
				CLANG_WARN_COMMA = YES;
				CLANG_WARN_CONSTANT_CONVERSION = YES;
				CLANG_WARN_DEPRECATED_OBJC_IMPLEMENTATIONS = YES;
				CLANG_WARN_DIRECT_OBJC_ISA_USAGE = YES_ERROR;
				CLANG_WARN_DOCUMENTATION_COMMENTS = YES;
				CLANG_WARN_EMPTY_BODY = YES;
				CLANG_WARN_ENUM_CONVERSION = YES;
				CLANG_WARN_INFINITE_RECURSION = YES;
				CLANG_WARN_INT_CONVERSION = YES;
				CLANG_WARN_NON_LITERAL_NULL_CONVERSION = YES;
				CLANG_WARN_OBJC_IMPLICIT_RETAIN_SELF = YES;
				CLANG_WARN_OBJC_LITERAL_CONVERSION = YES;
				CLANG_WARN_OBJC_ROOT_CLASS = YES_ERROR;
				CLANG_WARN_QUOTED_INCLUDE_IN_FRAMEWORK_HEADER = YES;
				CLANG_WARN_RANGE_LOOP_ANALYSIS = YES;
				CLANG_WARN_STRICT_PROTOTYPES = YES;
				CLANG_WARN_SUSPICIOUS_MOVE = YES;
				CLANG_WARN_UNGUARDED_AVAILABILITY = YES_AGGRESSIVE;
				CLANG_WARN_UNREACHABLE_CODE = YES;
				CLANG_WARN__DUPLICATE_METHOD_MATCH = YES;
				COPY_PHASE_STRIP = NO;
				DEBUG_INFORMATION_FORMAT = "dwarf-with-dsym";
				ENABLE_NS_ASSERTIONS = NO;
				ENABLE_STRICT_OBJC_MSGSEND = YES;
				GCC_C_LANGUAGE_STANDARD = gnu11;
				GCC_NO_COMMON_BLOCKS = YES;
				GCC_WARN_64_TO_32_BIT_CONVERSION = YES;
				GCC_WARN_ABOUT_RETURN_TYPE = YES_ERROR;
				GCC_WARN_UNDECLARED_SELECTOR = YES;
				GCC_WARN_UNINITIALIZED_AUTOS = YES_AGGRESSIVE;
				GCC_WARN_UNUSED_FUNCTION = YES;
				GCC_WARN_UNUSED_VARIABLE = YES;
				IPHONEOS_DEPLOYMENT_TARGET = 14.5;
				MTL_ENABLE_DEBUG_INFO = NO;
				MTL_FAST_MATH = YES;
				SDKROOT = iphoneos;
				SWIFT_COMPILATION_MODE = wholemodule;
				SWIFT_OPTIMIZATION_LEVEL = "-O";
				VALIDATE_PRODUCT = YES;
			};
			name = Release;
		};
		416CF93426EA7809005285FA /* Debug */ = {
			isa = XCBuildConfiguration;
			buildSettings = {
				ASSETCATALOG_COMPILER_APPICON_NAME = AppIcon;
				ASSETCATALOG_COMPILER_GLOBAL_ACCENT_COLOR_NAME = AccentColor;
				CODE_SIGN_STYLE = Automatic;
				DEVELOPMENT_ASSET_PATHS = "\"Fruitz/Preview Content\"";
				DEVELOPMENT_TEAM = AW76RA3653;
				ENABLE_PREVIEWS = YES;
				INFOPLIST_FILE = Fruitz/Info.plist;
				IPHONEOS_DEPLOYMENT_TARGET = 14.0;
				LD_RUNPATH_SEARCH_PATHS = (
					"$(inherited)",
					"@executable_path/Frameworks",
				);
				PRODUCT_BUNDLE_IDENTIFIER = com.kamarou.fruitz.Fruitz;
				PRODUCT_NAME = "$(TARGET_NAME)";
				SWIFT_VERSION = 5.0;
				TARGETED_DEVICE_FAMILY = "1,2";
			};
			name = Debug;
		};
		416CF93526EA7809005285FA /* Release */ = {
			isa = XCBuildConfiguration;
			buildSettings = {
				ASSETCATALOG_COMPILER_APPICON_NAME = AppIcon;
				ASSETCATALOG_COMPILER_GLOBAL_ACCENT_COLOR_NAME = AccentColor;
				CODE_SIGN_STYLE = Automatic;
				DEVELOPMENT_ASSET_PATHS = "\"Fruitz/Preview Content\"";
				DEVELOPMENT_TEAM = AW76RA3653;
				ENABLE_PREVIEWS = YES;
				INFOPLIST_FILE = Fruitz/Info.plist;
				IPHONEOS_DEPLOYMENT_TARGET = 14.0;
				LD_RUNPATH_SEARCH_PATHS = (
					"$(inherited)",
					"@executable_path/Frameworks",
				);
				PRODUCT_BUNDLE_IDENTIFIER = com.kamarou.fruitz.Fruitz;
				PRODUCT_NAME = "$(TARGET_NAME)";
				SWIFT_VERSION = 5.0;
				TARGETED_DEVICE_FAMILY = "1,2";
			};
			name = Release;
		};
/* End XCBuildConfiguration section */

/* Begin XCConfigurationList section */
		416CF91F26EA7809005285FA /* Build configuration list for PBXProject "Fruitz" */ = {
			isa = XCConfigurationList;
			buildConfigurations = (
				416CF93126EA7809005285FA /* Debug */,
				416CF93226EA7809005285FA /* Release */,
			);
			defaultConfigurationIsVisible = 0;
			defaultConfigurationName = Release;
		};
		416CF93326EA7809005285FA /* Build configuration list for PBXNativeTarget "Fruitz" */ = {
			isa = XCConfigurationList;
			buildConfigurations = (
				416CF93426EA7809005285FA /* Debug */,
				416CF93526EA7809005285FA /* Release */,
			);
			defaultConfigurationIsVisible = 0;
			defaultConfigurationName = Release;
		};
/* End XCConfigurationList section */
	};
	rootObject = 416CF91C26EA7809005285FA /* Project object */;
}
